GIT
  remote: git://github.com/fastestforward/instrumental_agent.git
  revision: 5fe1bde18528c9e67a9e47cf1af7bad6e00ece5a
  branch: socket
  specs:
    instrumental_agent (0.1.5)

GEM
  remote: http://rubygems.org/
  specs:
    addressable (2.2.6)
    daemons (1.1.4)
    eventmachine (0.12.10)
    faraday (0.7.5)
      addressable (~> 2.2.6)
      multipart-post (~> 1.1.3)
      rack (>= 1.1.0, < 2)
    multipart-post (1.1.3)
    rack (1.3.5)
    rack-protection (1.1.4)
      rack
    rmagick (2.13.1)
    sinatra (1.3.1)
      rack (~> 1.3, >= 1.3.4)
      rack-protection (~> 1.1, >= 1.1.2)
      tilt (~> 1.3, >= 1.3.3)
    thin (1.2.11)
      daemons (>= 1.0.9)
      eventmachine (>= 0.12.6)
      rack (>= 1.0.0)
    tilt (1.3.3)

PLATFORMS
  ruby

DEPENDENCIES
  faraday
  instrumental_agent!
  rmagick
  sinatra
  thin
